
Microsoft Visual Studio Solution File, Format Version 12.00
# Visual Studio 15
VisualStudioVersion = 15.0.26206.0
MinimumVisualStudioVersion = 10.0.40219.1
Project("{2150E333-8FDC-42A3-9474-1A3956D46DE8}") = "Solution Items", "Solution Items", "{C6BB5338-B348-4DE6-9857-CB28EB57CAB1}"
	ProjectSection(SolutionItems) = preProject
		..\.gitignore = ..\.gitignore
		..\LICENSE = ..\LICENSE
		..\README.md = ..\README.md
		..\Settings.StyleCop = ..\Settings.StyleCop
	EndProjectSection
EndProject
Project("{FAE04EC0-301F-11D3-BF4B-00C04F79EFBC}") = "Drexel.Arguments", "Arguments\Drexel.Arguments.csproj", "{5021B2F0-46A9-4BAE-B49E-27DFE1F7F2A9}"
EndProject
Project("{FAE04EC0-301F-11D3-BF4B-00C04F79EFBC}") = "Arguments.Tests", "Arguments.Tests\Arguments.Tests.csproj", "{6283AC96-C259-4DC7-81F6-90DA01174F2C}"
EndProject
Project("{FAE04EC0-301F-11D3-BF4B-00C04F79EFBC}") = "Arguments.Test.Application", "Arguments.Test.Application\Arguments.Test.Application.csproj", "{B9690D1E-89A1-412C-AAEA-404E49676A18}"
EndProject
Global
	GlobalSection(SolutionConfigurationPlatforms) = preSolution
		Debug|Any CPU = Debug|Any CPU
		Release|Any CPU = Release|Any CPU
	EndGlobalSection
	GlobalSection(ProjectConfigurationPlatforms) = postSolution
		{5021B2F0-46A9-4BAE-B49E-27DFE1F7F2A9}.Debug|Any CPU.ActiveCfg = Debug|Any CPU
		{5021B2F0-46A9-4BAE-B49E-27DFE1F7F2A9}.Debug|Any CPU.Build.0 = Debug|Any CPU
		{5021B2F0-46A9-4BAE-B49E-27DFE1F7F2A9}.Release|Any CPU.ActiveCfg = Release|Any CPU
		{5021B2F0-46A9-4BAE-B49E-27DFE1F7F2A9}.Release|Any CPU.Build.0 = Release|Any CPU
		{6283AC96-C259-4DC7-81F6-90DA01174F2C}.Debug|Any CPU.ActiveCfg = Debug|Any CPU
		{6283AC96-C259-4DC7-81F6-90DA01174F2C}.Debug|Any CPU.Build.0 = Debug|Any CPU
		{6283AC96-C259-4DC7-81F6-90DA01174F2C}.Release|Any CPU.ActiveCfg = Release|Any CPU
		{6283AC96-C259-4DC7-81F6-90DA01174F2C}.Release|Any CPU.Build.0 = Release|Any CPU
		{B9690D1E-89A1-412C-AAEA-404E49676A18}.Debug|Any CPU.ActiveCfg = Debug|Any CPU
		{B9690D1E-89A1-412C-AAEA-404E49676A18}.Debug|Any CPU.Build.0 = Debug|Any CPU
		{B9690D1E-89A1-412C-AAEA-404E49676A18}.Release|Any CPU.ActiveCfg = Release|Any CPU
		{B9690D1E-89A1-412C-AAEA-404E49676A18}.Release|Any CPU.Build.0 = Release|Any CPU
	EndGlobalSection
	GlobalSection(SolutionProperties) = preSolution
		HideSolutionNode = FALSE
	EndGlobalSection
EndGlobal
